
Microsoft Visual Studio Solution File, Format Version 12.00
# Visual Studio Version 17
VisualStudioVersion = 17.14.36414.22 d17.14
MinimumVisualStudioVersion = 10.0.40219.1
Project("{FAE04EC0-301F-11D3-BF4B-00C04F79EFBC}") = "Task", "Task\Task.csproj", "{BEB18435-F3E5-451F-A8D1-E0C93BF89658}"
EndProject
Global
	GlobalSection(SolutionConfigurationPlatforms) = preSolution
		Debug|Any CPU = Debug|Any CPU
		Release|Any CPU = Release|Any CPU
	EndGlobalSection
	GlobalSection(ProjectConfigurationPlatforms) = postSolution
		{BEB18435-F3E5-451F-A8D1-E0C93BF89658}.Debug|Any CPU.ActiveCfg = Debug|Any CPU
		{BEB18435-F3E5-451F-A8D1-E0C93BF89658}.Debug|Any CPU.Build.0 = Debug|Any CPU
		{BEB18435-F3E5-451F-A8D1-E0C93BF89658}.Release|Any CPU.ActiveCfg = Release|Any CPU
		{BEB18435-F3E5-451F-A8D1-E0C93BF89658}.Release|Any CPU.Build.0 = Release|Any CPU
	EndGlobalSection
	GlobalSection(SolutionProperties) = preSolution
		HideSolutionNode = FALSE
	EndGlobalSection
	GlobalSection(ExtensibilityGlobals) = postSolution
		SolutionGuid = {41594E64-8437-4AED-8C14-17E998A682C6}
	EndGlobalSection
EndGlobal
